// !$*UTF8*$!
{
	archiveVersion = 1;
	classes = {
	};
	objectVersion = 51;
	objects = {

/* Begin PBXBuildFile section */
		2CBEF5A622B48E77005FB175 /* AppDelegate.swift in Sources */ = {isa = PBXBuildFile; fileRef = 2CBEF5A522B48E77005FB175 /* AppDelegate.swift */; };
		2CBEF5AB22B48E77005FB175 /* Main.storyboard in Resources */ = {isa = PBXBuildFile; fileRef = 2CBEF5A922B48E77005FB175 /* Main.storyboard */; };
		2CBEF5AD22B48E78005FB175 /* Assets.xcassets in Resources */ = {isa = PBXBuildFile; fileRef = 2CBEF5AC22B48E78005FB175 /* Assets.xcassets */; };
		2CBEF5B022B48E78005FB175 /* LaunchScreen.storyboard in Resources */ = {isa = PBXBuildFile; fileRef = 2CBEF5AE22B48E78005FB175 /* LaunchScreen.storyboard */; };
		2CBEF5B822B49710005FB175 /* TableViewController.swift in Sources */ = {isa = PBXBuildFile; fileRef = 2CBEF5B722B49710005FB175 /* TableViewController.swift */; };
		2CBEF5BA22B4994F005FB175 /* TableViewCell.swift in Sources */ = {isa = PBXBuildFile; fileRef = 2CBEF5B922B4994F005FB175 /* TableViewCell.swift */; };
		2CBEF5BC22B4B65B005FB175 /* City.swift in Sources */ = {isa = PBXBuildFile; fileRef = 2CBEF5BB22B4B65B005FB175 /* City.swift */; };
		2CBEF5BE22B4B79E005FB175 /* Pref.swift in Sources */ = {isa = PBXBuildFile; fileRef = 2CBEF5BD22B4B79E005FB175 /* Pref.swift */; };
		2CBEF5C022B4DD82005FB175 /* DetailViewController.swift in Sources */ = {isa = PBXBuildFile; fileRef = 2CBEF5BF22B4DD82005FB175 /* DetailViewController.swift */; };
		3E0E51C0D313E3504A79C76B /* Pods_WeatherApp.framework in Frameworks */ = {isa = PBXBuildFile; fileRef = 00DCBFA674A85A48CFD0B8DD /* Pods_WeatherApp.framework */; };
/* End PBXBuildFile section */

/* Begin PBXFileReference section */
		00DCBFA674A85A48CFD0B8DD /* Pods_WeatherApp.framework */ = {isa = PBXFileReference; explicitFileType = wrapper.framework; includeInIndex = 0; path = Pods_WeatherApp.framework; sourceTree = BUILT_PRODUCTS_DIR; };
		2CBEF5A222B48E77005FB175 /* WeatherApp.app */ = {isa = PBXFileReference; explicitFileType = wrapper.application; includeInIndex = 0; path = WeatherApp.app; sourceTree = BUILT_PRODUCTS_DIR; };
		2CBEF5A522B48E77005FB175 /* AppDelegate.swift */ = {isa = PBXFileReference; lastKnownFileType = sourcecode.swift; path = AppDelegate.swift; sourceTree = "<group>"; };
		2CBEF5AA22B48E77005FB175 /* Base */ = {isa = PBXFileReference; lastKnownFileType = file.storyboard; name = Base; path = Base.lproj/Main.storyboard; sourceTree = "<group>"; };
		2CBEF5AC22B48E78005FB175 /* Assets.xcassets */ = {isa = PBXFileReference; lastKnownFileType = folder.assetcatalog; path = Assets.xcassets; sourceTree = "<group>"; };
		2CBEF5AF22B48E78005FB175 /* Base */ = {isa = PBXFileReference; lastKnownFileType = file.storyboard; name = Base; path = Base.lproj/LaunchScreen.storyboard; sourceTree = "<group>"; };
		2CBEF5B122B48E78005FB175 /* Info.plist */ = {isa = PBXFileReference; lastKnownFileType = text.plist.xml; path = Info.plist; sourceTree = "<group>"; };
		2CBEF5B722B49710005FB175 /* TableViewController.swift */ = {isa = PBXFileReference; lastKnownFileType = sourcecode.swift; path = TableViewController.swift; sourceTree = "<group>"; };
		2CBEF5B922B4994F005FB175 /* TableViewCell.swift */ = {isa = PBXFileReference; lastKnownFileType = sourcecode.swift; path = TableViewCell.swift; sourceTree = "<group>"; };
		2CBEF5BB22B4B65B005FB175 /* City.swift */ = {isa = PBXFileReference; lastKnownFileType = sourcecode.swift; path = City.swift; sourceTree = "<group>"; };
		2CBEF5BD22B4B79E005FB175 /* Pref.swift */ = {isa = PBXFileReference; lastKnownFileType = sourcecode.swift; path = Pref.swift; sourceTree = "<group>"; };
		2CBEF5BF22B4DD82005FB175 /* DetailViewController.swift */ = {isa = PBXFileReference; lastKnownFileType = sourcecode.swift; path = DetailViewController.swift; sourceTree = "<group>"; };
		3DFEEC80B160191EE877C155 /* Pods-WeatherApp.debug.xcconfig */ = {isa = PBXFileReference; includeInIndex = 1; lastKnownFileType = text.xcconfig; name = "Pods-WeatherApp.debug.xcconfig"; path = "Target Support Files/Pods-WeatherApp/Pods-WeatherApp.debug.xcconfig"; sourceTree = "<group>"; };
		97E057DCB5CEB9EDB6A19B44 /* Pods-WeatherApp.release.xcconfig */ = {isa = PBXFileReference; includeInIndex = 1; lastKnownFileType = text.xcconfig; name = "Pods-WeatherApp.release.xcconfig"; path = "Target Support Files/Pods-WeatherApp/Pods-WeatherApp.release.xcconfig"; sourceTree = "<group>"; };
/* End PBXFileReference section */

/* Begin PBXFrameworksBuildPhase section */
		2CBEF59F22B48E77005FB175 /* Frameworks */ = {
			isa = PBXFrameworksBuildPhase;
			buildActionMask = 2147483647;
			files = (
				3E0E51C0D313E3504A79C76B /* Pods_WeatherApp.framework in Frameworks */,
			);
			runOnlyForDeploymentPostprocessing = 0;
		};
/* End PBXFrameworksBuildPhase section */

/* Begin PBXGroup section */
		2CBEF59922B48E76005FB175 = {
			isa = PBXGroup;
			children = (
				2CBEF5A422B48E77005FB175 /* WeatherApp */,
				2CBEF5A322B48E77005FB175 /* Products */,
				602C7F073C0D5C3778F19063 /* Pods */,
				FDCEE4F8D0E462579BA05CBF /* Frameworks */,
			);
			sourceTree = "<group>";
		};
		2CBEF5A322B48E77005FB175 /* Products */ = {
			isa = PBXGroup;
			children = (
				2CBEF5A222B48E77005FB175 /* WeatherApp.app */,
			);
			name = Products;
			sourceTree = "<group>";
		};
		2CBEF5A422B48E77005FB175 /* WeatherApp */ = {
			isa = PBXGroup;
			children = (
				2CBEF5A522B48E77005FB175 /* AppDelegate.swift */,
				2CBEF5B722B49710005FB175 /* TableViewController.swift */,
				2CBEF5B922B4994F005FB175 /* TableViewCell.swift */,
				2CBEF5A922B48E77005FB175 /* Main.storyboard */,
				2CBEF5AC22B48E78005FB175 /* Assets.xcassets */,
				2CBEF5AE22B48E78005FB175 /* LaunchScreen.storyboard */,
				2CBEF5B122B48E78005FB175 /* Info.plist */,
				2CBEF5BB22B4B65B005FB175 /* City.swift */,
				2CBEF5BD22B4B79E005FB175 /* Pref.swift */,
				2CBEF5BF22B4DD82005FB175 /* DetailViewController.swift */,
			);
			path = WeatherApp;
			sourceTree = "<group>";
		};
		602C7F073C0D5C3778F19063 /* Pods */ = {
			isa = PBXGroup;
			children = (
				3DFEEC80B160191EE877C155 /* Pods-WeatherApp.debug.xcconfig */,
				97E057DCB5CEB9EDB6A19B44 /* Pods-WeatherApp.release.xcconfig */,
			);
			path = Pods;
			sourceTree = "<group>";
		};
		FDCEE4F8D0E462579BA05CBF /* Frameworks */ = {
			isa = PBXGroup;
			children = (
				00DCBFA674A85A48CFD0B8DD /* Pods_WeatherApp.framework */,
			);
			name = Frameworks;
			sourceTree = "<group>";
		};
/* End PBXGroup section */

/* Begin PBXNativeTarget section */
		2CBEF5A122B48E77005FB175 /* WeatherApp */ = {
			isa = PBXNativeTarget;
			buildConfigurationList = 2CBEF5B422B48E78005FB175 /* Build configuration list for PBXNativeTarget "WeatherApp" */;
			buildPhases = (
				248499F68A593A2ACF4BAA3C /* [CP] Check Pods Manifest.lock */,
				2CBEF59E22B48E77005FB175 /* Sources */,
				2CBEF59F22B48E77005FB175 /* Frameworks */,
				2CBEF5A022B48E77005FB175 /* Resources */,
				49EFE4203AB4247FC4854F81 /* [CP] Embed Pods Frameworks */,
			);
			buildRules = (
			);
			dependencies = (
			);
			name = WeatherApp;
			productName = WeatherApp;
			productReference = 2CBEF5A222B48E77005FB175 /* WeatherApp.app */;
			productType = "com.apple.product-type.application";
		};
/* End PBXNativeTarget section */

/* Begin PBXProject section */
		2CBEF59A22B48E76005FB175 /* Project object */ = {
			isa = PBXProject;
			attributes = {
				LastSwiftUpdateCheck = 1020;
				LastUpgradeCheck = 1020;
				ORGANIZATIONNAME = "梶原敬太";
				TargetAttributes = {
					2CBEF5A122B48E77005FB175 = {
						CreatedOnToolsVersion = 10.2.1;
					};
				};
			};
			buildConfigurationList = 2CBEF59D22B48E76005FB175 /* Build configuration list for PBXProject "WeatherApp" */;
			compatibilityVersion = "Xcode 9.3";
			developmentRegion = en;
			hasScannedForEncodings = 0;
			knownRegions = (
				en,
				Base,
			);
			mainGroup = 2CBEF59922B48E76005FB175;
			productRefGroup = 2CBEF5A322B48E77005FB175 /* Products */;
			projectDirPath = "";
			projectRoot = "";
			targets = (
				2CBEF5A122B48E77005FB175 /* WeatherApp */,
			);
		};
/* End PBXProject section */

/* Begin PBXResourcesBuildPhase section */
		2CBEF5A022B48E77005FB175 /* Resources */ = {
			isa = PBXResourcesBuildPhase;
			buildActionMask = 2147483647;
			files = (
				2CBEF5B022B48E78005FB175 /* LaunchScreen.storyboard in Resources */,
				2CBEF5AD22B48E78005FB175 /* Assets.xcassets in Resources */,
				2CBEF5AB22B48E77005FB175 /* Main.storyboard in Resources */,
			);
			runOnlyForDeploymentPostprocessing = 0;
		};
/* End PBXResourcesBuildPhase section */

/* Begin PBXShellScriptBuildPhase section */
		248499F68A593A2ACF4BAA3C /* [CP] Check Pods Manifest.lock */ = {
			isa = PBXShellScriptBuildPhase;
			buildActionMask = 2147483647;
			files = (
			);
			inputFileListPaths = (
			);
			inputPaths = (
				"${PODS_PODFILE_DIR_PATH}/Podfile.lock",
				"${PODS_ROOT}/Manifest.lock",
			);
			name = "[CP] Check Pods Manifest.lock";
			outputFileListPaths = (
			);
			outputPaths = (
				"$(DERIVED_FILE_DIR)/Pods-WeatherApp-checkManifestLockResult.txt",
			);
			runOnlyForDeploymentPostprocessing = 0;
			shellPath = /bin/sh;
			shellScript = "diff \"${PODS_PODFILE_DIR_PATH}/Podfile.lock\" \"${PODS_ROOT}/Manifest.lock\" > /dev/null\nif [ $? != 0 ] ; then\n    # print error to STDERR\n    echo \"error: The sandbox is not in sync with the Podfile.lock. Run 'pod install' or update your CocoaPods installation.\" >&2\n    exit 1\nfi\n# This output is used by Xcode 'outputs' to avoid re-running this script phase.\necho \"SUCCESS\" > \"${SCRIPT_OUTPUT_FILE_0}\"\n";
			showEnvVarsInLog = 0;
		};
		49EFE4203AB4247FC4854F81 /* [CP] Embed Pods Frameworks */ = {
			isa = PBXShellScriptBuildPhase;
			buildActionMask = 2147483647;
			files = (
			);
			inputFileListPaths = (
				"${PODS_ROOT}/Target Support Files/Pods-WeatherApp/Pods-WeatherApp-frameworks-${CONFIGURATION}-input-files.xcfilelist",
			);
			name = "[CP] Embed Pods Frameworks";
			outputFileListPaths = (
				"${PODS_ROOT}/Target Support Files/Pods-WeatherApp/Pods-WeatherApp-frameworks-${CONFIGURATION}-output-files.xcfilelist",
			);
			runOnlyForDeploymentPostprocessing = 0;
			shellPath = /bin/sh;
			shellScript = "\"${PODS_ROOT}/Target Support Files/Pods-WeatherApp/Pods-WeatherApp-frameworks.sh\"\n";
			showEnvVarsInLog = 0;
		};
/* End PBXShellScriptBuildPhase section */

/* Begin PBXSourcesBuildPhase section */
		2CBEF59E22B48E77005FB175 /* Sources */ = {
			isa = PBXSourcesBuildPhase;
			buildActionMask = 2147483647;
			files = (
				2CBEF5BA22B4994F005FB175 /* TableViewCell.swift in Sources */,
				2CBEF5BE22B4B79E005FB175 /* Pref.swift in Sources */,
				2CBEF5A622B48E77005FB175 /* AppDelegate.swift in Sources */,
				2CBEF5C022B4DD82005FB175 /* DetailViewController.swift in Sources */,
				2CBEF5BC22B4B65B005FB175 /* City.swift in Sources */,
				2CBEF5B822B49710005FB175 /* TableViewController.swift in Sources */,
			);
			runOnlyForDeploymentPostprocessing = 0;
		};
/* End PBXSourcesBuildPhase section */

/* Begin PBXVariantGroup section */
		2CBEF5A922B48E77005FB175 /* Main.storyboard */ = {
			isa = PBXVariantGroup;
			children = (
				2CBEF5AA22B48E77005FB175 /* Base */,
			);
			name = Main.storyboard;
			sourceTree = "<group>";
		};
		2CBEF5AE22B48E78005FB175 /* LaunchScreen.storyboard */ = {
			isa = PBXVariantGroup;
			children = (
				2CBEF5AF22B48E78005FB175 /* Base */,
			);
			name = LaunchScreen.storyboard;
			sourceTree = "<group>";
		};
/* End PBXVariantGroup section */

/* Begin XCBuildConfiguration section */
		2CBEF5B222B48E78005FB175 /* Debug */ = {
			isa = XCBuildConfiguration;
			buildSettings = {
				ALWAYS_SEARCH_USER_PATHS = NO;
				CLANG_ANALYZER_NONNULL = YES;
				CLANG_ANALYZER_NUMBER_OBJECT_CONVERSION = YES_AGGRESSIVE;
				CLANG_CXX_LANGUAGE_STANDARD = "gnu++14";
				CLANG_CXX_LIBRARY = "libc++";
				CLANG_ENABLE_MODULES = YES;
				CLANG_ENABLE_OBJC_ARC = YES;
				CLANG_ENABLE_OBJC_WEAK = YES;
				CLANG_WARN_BLOCK_CAPTURE_AUTORELEASING = YES;
				CLANG_WARN_BOOL_CONVERSION = YES;
				CLANG_WARN_COMMA = YES;
				CLANG_WARN_CONSTANT_CONVERSION = YES;
				CLANG_WARN_DEPRECATED_OBJC_IMPLEMENTATIONS = YES;
				CLANG_WARN_DIRECT_OBJC_ISA_USAGE = YES_ERROR;
				CLANG_WARN_DOCUMENTATION_COMMENTS = YES;
				CLANG_WARN_EMPTY_BODY = YES;
				CLANG_WARN_ENUM_CONVERSION = YES;
				CLANG_WARN_INFINITE_RECURSION = YES;
				CLANG_WARN_INT_CONVERSION = YES;
				CLANG_WARN_NON_LITERAL_NULL_CONVERSION = YES;
				CLANG_WARN_OBJC_IMPLICIT_RETAIN_SELF = YES;
				CLANG_WARN_OBJC_LITERAL_CONVERSION = YES;
				CLANG_WARN_OBJC_ROOT_CLASS = YES_ERROR;
				CLANG_WARN_RANGE_LOOP_ANALYSIS = YES;
				CLANG_WARN_STRICT_PROTOTYPES = YES;
				CLANG_WARN_SUSPICIOUS_MOVE = YES;
				CLANG_WARN_UNGUARDED_AVAILABILITY = YES_AGGRESSIVE;
				CLANG_WARN_UNREACHABLE_CODE = YES;
				CLANG_WARN__DUPLICATE_METHOD_MATCH = YES;
				CODE_SIGN_IDENTITY = "iPhone Developer";
				COPY_PHASE_STRIP = NO;
				DEBUG_INFORMATION_FORMAT = dwarf;
				ENABLE_STRICT_OBJC_MSGSEND = YES;
				ENABLE_TESTABILITY = YES;
				GCC_C_LANGUAGE_STANDARD = gnu11;
				GCC_DYNAMIC_NO_PIC = NO;
				GCC_NO_COMMON_BLOCKS = YES;
				GCC_OPTIMIZATION_LEVEL = 0;
				GCC_PREPROCESSOR_DEFINITIONS = (
					"DEBUG=1",
					"$(inherited)",
				);
				GCC_WARN_64_TO_32_BIT_CONVERSION = YES;
				GCC_WARN_ABOUT_RETURN_TYPE = YES_ERROR;
				GCC_WARN_UNDECLARED_SELECTOR = YES;
				GCC_WARN_UNINITIALIZED_AUTOS = YES_AGGRESSIVE;
				GCC_WARN_UNUSED_FUNCTION = YES;
				GCC_WARN_UNUSED_VARIABLE = YES;
				IPHONEOS_DEPLOYMENT_TARGET = 12.2;
				MTL_ENABLE_DEBUG_INFO = INCLUDE_SOURCE;
				MTL_FAST_MATH = YES;
				ONLY_ACTIVE_ARCH = YES;
				SDKROOT = iphoneos;
				SWIFT_ACTIVE_COMPILATION_CONDITIONS = DEBUG;
				SWIFT_OPTIMIZATION_LEVEL = "-Onone";
			};
			name = Debug;
		};
		2CBEF5B322B48E78005FB175 /* Release */ = {
			isa = XCBuildConfiguration;
			buildSettings = {
				ALWAYS_SEARCH_USER_PATHS = NO;
				CLANG_ANALYZER_NONNULL = YES;
				CLANG_ANALYZER_NUMBER_OBJECT_CONVERSION = YES_AGGRESSIVE;
				CLANG_CXX_LANGUAGE_STANDARD = "gnu++14";
				CLANG_CXX_LIBRARY = "libc++";
				CLANG_ENABLE_MODULES = YES;
				CLANG_ENABLE_OBJC_ARC = YES;
				CLANG_ENABLE_OBJC_WEAK = YES;
				CLANG_WARN_BLOCK_CAPTURE_AUTORELEASING = YES;
				CLANG_WARN_BOOL_CONVERSION = YES;
				CLANG_WARN_COMMA = YES;
				CLANG_WARN_CONSTANT_CONVERSION = YES;
				CLANG_WARN_DEPRECATED_OBJC_IMPLEMENTATIONS = YES;
				CLANG_WARN_DIRECT_OBJC_ISA_USAGE = YES_ERROR;
				CLANG_WARN_DOCUMENTATION_COMMENTS = YES;
				CLANG_WARN_EMPTY_BODY = YES;
				CLANG_WARN_ENUM_CONVERSION = YES;
				CLANG_WARN_INFINITE_RECURSION = YES;
				CLANG_WARN_INT_CONVERSION = YES;
				CLANG_WARN_NON_LITERAL_NULL_CONVERSION = YES;
				CLANG_WARN_OBJC_IMPLICIT_RETAIN_SELF = YES;
				CLANG_WARN_OBJC_LITERAL_CONVERSION = YES;
				CLANG_WARN_OBJC_ROOT_CLASS = YES_ERROR;
				CLANG_WARN_RANGE_LOOP_ANALYSIS = YES;
				CLANG_WARN_STRICT_PROTOTYPES = YES;
				CLANG_WARN_SUSPICIOUS_MOVE = YES;
				CLANG_WARN_UNGUARDED_AVAILABILITY = YES_AGGRESSIVE;
				CLANG_WARN_UNREACHABLE_CODE = YES;
				CLANG_WARN__DUPLICATE_METHOD_MATCH = YES;
				CODE_SIGN_IDENTITY = "iPhone Developer";
				COPY_PHASE_STRIP = NO;
				DEBUG_INFORMATION_FORMAT = "dwarf-with-dsym";
				ENABLE_NS_ASSERTIONS = NO;
				ENABLE_STRICT_OBJC_MSGSEND = YES;
				GCC_C_LANGUAGE_STANDARD = gnu11;
				GCC_NO_COMMON_BLOCKS = YES;
				GCC_WARN_64_TO_32_BIT_CONVERSION = YES;
				GCC_WARN_ABOUT_RETURN_TYPE = YES_ERROR;
				GCC_WARN_UNDECLARED_SELECTOR = YES;
				GCC_WARN_UNINITIALIZED_AUTOS = YES_AGGRESSIVE;
				GCC_WARN_UNUSED_FUNCTION = YES;
				GCC_WARN_UNUSED_VARIABLE = YES;
				IPHONEOS_DEPLOYMENT_TARGET = 12.2;
				MTL_ENABLE_DEBUG_INFO = NO;
				MTL_FAST_MATH = YES;
				SDKROOT = iphoneos;
				SWIFT_COMPILATION_MODE = wholemodule;
				SWIFT_OPTIMIZATION_LEVEL = "-O";
				VALIDATE_PRODUCT = YES;
			};
			name = Release;
		};
		2CBEF5B522B48E78005FB175 /* Debug */ = {
			isa = XCBuildConfiguration;
			baseConfigurationReference = 3DFEEC80B160191EE877C155 /* Pods-WeatherApp.debug.xcconfig */;
			buildSettings = {
				ASSETCATALOG_COMPILER_APPICON_NAME = AppIcon;
				CODE_SIGN_STYLE = Automatic;
				DEVELOPMENT_TEAM = 985PN58WVT;
				INFOPLIST_FILE = WeatherApp/Info.plist;
				LD_RUNPATH_SEARCH_PATHS = (
					"$(inherited)",
					"@executable_path/Frameworks",
				);
				PRODUCT_BUNDLE_IDENTIFIER = "com.keita-kajiwara.WeatherApp";
				PRODUCT_NAME = "$(TARGET_NAME)";
				SWIFT_VERSION = 5.0;
				TARGETED_DEVICE_FAMILY = "1,2";
			};
			name = Debug;
		};
		2CBEF5B622B48E78005FB175 /* Release */ = {
			isa = XCBuildConfiguration;
			baseConfigurationReference = 97E057DCB5CEB9EDB6A19B44 /* Pods-WeatherApp.release.xcconfig */;
			buildSettings = {
				ASSETCATALOG_COMPILER_APPICON_NAME = AppIcon;
				CODE_SIGN_STYLE = Automatic;
				DEVELOPMENT_TEAM = 985PN58WVT;
				INFOPLIST_FILE = WeatherApp/Info.plist;
				LD_RUNPATH_SEARCH_PATHS = (
					"$(inherited)",
					"@executable_path/Frameworks",
				);
				PRODUCT_BUNDLE_IDENTIFIER = "com.keita-kajiwara.WeatherApp";
				PRODUCT_NAME = "$(TARGET_NAME)";
				SWIFT_VERSION = 5.0;
				TARGETED_DEVICE_FAMILY = "1,2";
			};
			name = Release;
		};
/* End XCBuildConfiguration section */

/* Begin XCConfigurationList section */
		2CBEF59D22B48E76005FB175 /* Build configuration list for PBXProject "WeatherApp" */ = {
			isa = XCConfigurationList;
			buildConfigurations = (
				2CBEF5B222B48E78005FB175 /* Debug */,
				2CBEF5B322B48E78005FB175 /* Release */,
			);
			defaultConfigurationIsVisible = 0;
			defaultConfigurationName = Release;
		};
		2CBEF5B422B48E78005FB175 /* Build configuration list for PBXNativeTarget "WeatherApp" */ = {
			isa = XCConfigurationList;
			buildConfigurations = (
				2CBEF5B522B48E78005FB175 /* Debug */,
				2CBEF5B622B48E78005FB175 /* Release */,
			);
			defaultConfigurationIsVisible = 0;
			defaultConfigurationName = Release;
		};
/* End XCConfigurationList section */
	};
	rootObject = 2CBEF59A22B48E76005FB175 /* Project object */;
}
